
Microsoft Visual Studio Solution File, Format Version 12.00
# Visual Studio Version 17
VisualStudioVersion = 17.11.35222.181
MinimumVisualStudioVersion = 10.0.40219.1
Project("{9A19103F-16F7-4668-BE54-9A1E7A4F7556}") = "osuEscape", "osuEscape\osuEscape.csproj", "{47DFDB9F-4196-4E2E-A30E-AA93CCF4C55B}"
EndProject
Global
	GlobalSection(SolutionConfigurationPlatforms) = preSolution
		Debug|Any CPU = Debug|Any CPU
		Debug|x64 = Debug|x64
		Debug|x86 = Debug|x86
		Release|Any CPU = Release|Any CPU
		Release|x64 = Release|x64
		Release|x86 = Release|x86
	EndGlobalSection
	GlobalSection(ProjectConfigurationPlatforms) = postSolution
		{47DFDB9F-4196-4E2E-A30E-AA93CCF4C55B}.Debug|Any CPU.ActiveCfg = Debug|Any CPU
		{47DFDB9F-4196-4E2E-A30E-AA93CCF4C55B}.Debug|Any CPU.Build.0 = Debug|Any CPU
		{47DFDB9F-4196-4E2E-A30E-AA93CCF4C55B}.Debug|x64.ActiveCfg = Debug|x64
		{47DFDB9F-4196-4E2E-A30E-AA93CCF4C55B}.Debug|x64.Build.0 = Debug|x64
		{47DFDB9F-4196-4E2E-A30E-AA93CCF4C55B}.Debug|x86.ActiveCfg = Debug|x86
		{47DFDB9F-4196-4E2E-A30E-AA93CCF4C55B}.Debug|x86.Build.0 = Debug|x86
		{47DFDB9F-4196-4E2E-A30E-AA93CCF4C55B}.Release|Any CPU.ActiveCfg = Release|Any CPU
		{47DFDB9F-4196-4E2E-A30E-AA93CCF4C55B}.Release|Any CPU.Build.0 = Release|Any CPU
		{47DFDB9F-4196-4E2E-A30E-AA93CCF4C55B}.Release|x64.ActiveCfg = Release|x64
		{47DFDB9F-4196-4E2E-A30E-AA93CCF4C55B}.Release|x64.Build.0 = Release|x64
		{47DFDB9F-4196-4E2E-A30E-AA93CCF4C55B}.Release|x86.ActiveCfg = Release|x86
		{47DFDB9F-4196-4E2E-A30E-AA93CCF4C55B}.Release|x86.Build.0 = Release|x86
	EndGlobalSection
	GlobalSection(SolutionProperties) = preSolution
		HideSolutionNode = FALSE
	EndGlobalSection
	GlobalSection(ExtensibilityGlobals) = postSolution
		SolutionGuid = {B666BDAA-5735-47DC-81F1-236461FADCEA}
	EndGlobalSection
EndGlobal
